// !$*UTF8*$!
{
	archiveVersion = 1;
	classes = {
	};
	objectVersion = 56;
	objects = {

/* Begin PBXBuildFile section */
		442B01B02D0B6841006875AC /* TodoSamples.swift in Sources */ = {isa = PBXBuildFile; fileRef = 442B01AF2D0B683E006875AC /* TodoSamples.swift */; };
		442B01B22D0B68B3006875AC /* PreviewContainer.swift in Sources */ = {isa = PBXBuildFile; fileRef = 442B01B12D0B68AB006875AC /* PreviewContainer.swift */; };
		442B01B42D0B7481006875AC /* CategorySamples.swift in Sources */ = {isa = PBXBuildFile; fileRef = 442B01B32D0B747F006875AC /* CategorySamples.swift */; };
		44514D592D08CA1200AC4B3F /* MotivationalMessage.swift in Sources */ = {isa = PBXBuildFile; fileRef = 44514D582D08CA0900AC4B3F /* MotivationalMessage.swift */; };
		445D575A2CE0D44700A622E3 /* TabButton.swift in Sources */ = {isa = PBXBuildFile; fileRef = 445D57592CE0D44700A622E3 /* TabButton.swift */; };
		445D575C2CE0D84000A622E3 /* TodoFormView.swift in Sources */ = {isa = PBXBuildFile; fileRef = 445D575B2CE0D83F00A622E3 /* TodoFormView.swift */; };
		445D575E2CE0D84800A622E3 /* CategoryFormView.swift in Sources */ = {isa = PBXBuildFile; fileRef = 445D575D2CE0D84800A622E3 /* CategoryFormView.swift */; };
		445D57622CE0D8FF00A622E3 /* CategoryViewModel.swift in Sources */ = {isa = PBXBuildFile; fileRef = 445D57612CE0D8FF00A622E3 /* CategoryViewModel.swift */; };
		445D57662CE0E3BE00A622E3 /* CategoryCard.swift in Sources */ = {isa = PBXBuildFile; fileRef = 445D57652CE0E3BE00A622E3 /* CategoryCard.swift */; };
		446A0B702CDFBAA9000138FD /* Formatter+Extension.swift in Sources */ = {isa = PBXBuildFile; fileRef = 446A0B6F2CDFBAA9000138FD /* Formatter+Extension.swift */; };
		4479B4412D0487F1006A3775 /* CodableColor.swift in Sources */ = {isa = PBXBuildFile; fileRef = 4479B4402D0487EB006A3775 /* CodableColor.swift */; };
		4483BB672CDD25060058B8CF /* Montserrat-Regular.ttf in Resources */ = {isa = PBXBuildFile; fileRef = 4483BB632CDD25060058B8CF /* Montserrat-Regular.ttf */; };
		4483BB682CDD25060058B8CF /* Montserrat-SemiBold.ttf in Resources */ = {isa = PBXBuildFile; fileRef = 4483BB642CDD25060058B8CF /* Montserrat-SemiBold.ttf */; };
		4483BB6A2CDD25060058B8CF /* Montserrat-Medium.ttf in Resources */ = {isa = PBXBuildFile; fileRef = 4483BB662CDD25060058B8CF /* Montserrat-Medium.ttf */; };
		4483BB6E2CDD285A0058B8CF /* Localizable.strings in Resources */ = {isa = PBXBuildFile; fileRef = 4483BB6C2CDD285A0058B8CF /* Localizable.strings */; };
		4483BB712CDD32F50058B8CF /* FloatingButton.swift in Sources */ = {isa = PBXBuildFile; fileRef = 4483BB702CDD32F50058B8CF /* FloatingButton.swift */; };
		4483BB752CDD3D3D0058B8CF /* TodoCard.swift in Sources */ = {isa = PBXBuildFile; fileRef = 4483BB742CDD3D3D0058B8CF /* TodoCard.swift */; };
		44962D572D120A11003572DB /* Constants.swift in Sources */ = {isa = PBXBuildFile; fileRef = 44962D562D120A0C003572DB /* Constants.swift */; };
		449F5DC32D146F5F007E2E12 /* AllTodosView.swift in Sources */ = {isa = PBXBuildFile; fileRef = 449F5DC22D146F5F007E2E12 /* AllTodosView.swift */; };
		449F5DC52D1473BA007E2E12 /* AllCategoriesView.swift in Sources */ = {isa = PBXBuildFile; fileRef = 449F5DC42D1473BA007E2E12 /* AllCategoriesView.swift */; };
		449F5DC72D1478C0007E2E12 /* PlusSheetView.swift in Sources */ = {isa = PBXBuildFile; fileRef = 449F5DC62D1478C0007E2E12 /* PlusSheetView.swift */; };
		449F5DCB2D147979007E2E12 /* BaseHeader.swift in Sources */ = {isa = PBXBuildFile; fileRef = 449F5DCA2D147979007E2E12 /* BaseHeader.swift */; };
		449F5DCD2D1479FA007E2E12 /* SectionHeader.swift in Sources */ = {isa = PBXBuildFile; fileRef = 449F5DCC2D1479FA007E2E12 /* SectionHeader.swift */; };
		449F5DD12D147C42007E2E12 /* NavigationState.swift in Sources */ = {isa = PBXBuildFile; fileRef = 449F5DD02D147C39007E2E12 /* NavigationState.swift */; };
		44BB090B2CD3FA120059EE0D /* MVVMToDoSwiftUIApp.swift in Sources */ = {isa = PBXBuildFile; fileRef = 44BB090A2CD3FA120059EE0D /* MVVMToDoSwiftUIApp.swift */; };
		44BB090D2CD3FA120059EE0D /* WelcomeView.swift in Sources */ = {isa = PBXBuildFile; fileRef = 44BB090C2CD3FA120059EE0D /* WelcomeView.swift */; };
		44BB090F2CD3FA130059EE0D /* Assets.xcassets in Resources */ = {isa = PBXBuildFile; fileRef = 44BB090E2CD3FA130059EE0D /* Assets.xcassets */; };
		44BB09122CD3FA130059EE0D /* Preview Assets.xcassets in Resources */ = {isa = PBXBuildFile; fileRef = 44BB09112CD3FA130059EE0D /* Preview Assets.xcassets */; };
		44BB091C2CD3FA130059EE0D /* MVVMToDoSwiftUITests.swift in Sources */ = {isa = PBXBuildFile; fileRef = 44BB091B2CD3FA130059EE0D /* MVVMToDoSwiftUITests.swift */; };
		44BB09262CD3FA130059EE0D /* MVVMToDoSwiftUIUITests.swift in Sources */ = {isa = PBXBuildFile; fileRef = 44BB09252CD3FA130059EE0D /* MVVMToDoSwiftUIUITests.swift */; };
		44BB09282CD3FA130059EE0D /* MVVMToDoSwiftUIUITestsLaunchTests.swift in Sources */ = {isa = PBXBuildFile; fileRef = 44BB09272CD3FA130059EE0D /* MVVMToDoSwiftUIUITestsLaunchTests.swift */; };
		44BB093C2CD3FD040059EE0D /* Montserrat-Bold.ttf in Resources */ = {isa = PBXBuildFile; fileRef = 44BB09362CD3FD040059EE0D /* Montserrat-Bold.ttf */; };
		44BB09462CD3FEBA0059EE0D /* Font+Extensions.swift in Sources */ = {isa = PBXBuildFile; fileRef = 44BB09452CD3FEBA0059EE0D /* Font+Extensions.swift */; };
		44BB094E2CD40C6E0059EE0D /* AssetColors.xcassets in Resources */ = {isa = PBXBuildFile; fileRef = 44BB094D2CD40C6E0059EE0D /* AssetColors.xcassets */; };
		44BB09512CD40C9D0059EE0D /* AssetImages.xcassets in Resources */ = {isa = PBXBuildFile; fileRef = 44BB09502CD40C9D0059EE0D /* AssetImages.xcassets */; };
		44BB09532CD40E480059EE0D /* Color+Extension.swift in Sources */ = {isa = PBXBuildFile; fileRef = 44BB09522CD40E480059EE0D /* Color+Extension.swift */; };
		44CAF0372CD676EF008AACCC /* AppButton.swift in Sources */ = {isa = PBXBuildFile; fileRef = 44CAF0362CD676EF008AACCC /* AppButton.swift */; };
		44CAF0392CD67A4E008AACCC /* TodoView.swift in Sources */ = {isa = PBXBuildFile; fileRef = 44CAF0382CD67A4E008AACCC /* TodoView.swift */; };
		44CAF03B2CD68719008AACCC /* TodoViewModel.swift in Sources */ = {isa = PBXBuildFile; fileRef = 44CAF03A2CD68719008AACCC /* TodoViewModel.swift */; };
		44CAF03D2CD69A46008AACCC /* TodoItem.swift in Sources */ = {isa = PBXBuildFile; fileRef = 44CAF03C2CD69A46008AACCC /* TodoItem.swift */; };
		44CAF03F2CD69A4D008AACCC /* Category.swift in Sources */ = {isa = PBXBuildFile; fileRef = 44CAF03E2CD69A4D008AACCC /* Category.swift */; };
		44F8BEE12CF650CE00CD9976 /* AppInput.swift in Sources */ = {isa = PBXBuildFile; fileRef = 44F8BEE02CF650CE00CD9976 /* AppInput.swift */; };
/* End PBXBuildFile section */

/* Begin PBXContainerItemProxy section */
		44BB09182CD3FA130059EE0D /* PBXContainerItemProxy */ = {
			isa = PBXContainerItemProxy;
			containerPortal = 44BB08FF2CD3FA120059EE0D /* Project object */;
			proxyType = 1;
			remoteGlobalIDString = 44BB09062CD3FA120059EE0D;
			remoteInfo = MVVMToDoSwiftUI;
		};
		44BB09222CD3FA130059EE0D /* PBXContainerItemProxy */ = {
			isa = PBXContainerItemProxy;
			containerPortal = 44BB08FF2CD3FA120059EE0D /* Project object */;
			proxyType = 1;
			remoteGlobalIDString = 44BB09062CD3FA120059EE0D;
			remoteInfo = MVVMToDoSwiftUI;
		};
/* End PBXContainerItemProxy section */

/* Begin PBXFileReference section */
		442B01AF2D0B683E006875AC /* TodoSamples.swift */ = {isa = PBXFileReference; lastKnownFileType = sourcecode.swift; path = TodoSamples.swift; sourceTree = "<group>"; };
		442B01B12D0B68AB006875AC /* PreviewContainer.swift */ = {isa = PBXFileReference; lastKnownFileType = sourcecode.swift; path = PreviewContainer.swift; sourceTree = "<group>"; };
		442B01B32D0B747F006875AC /* CategorySamples.swift */ = {isa = PBXFileReference; lastKnownFileType = sourcecode.swift; path = CategorySamples.swift; sourceTree = "<group>"; };
		44514D582D08CA0900AC4B3F /* MotivationalMessage.swift */ = {isa = PBXFileReference; lastKnownFileType = sourcecode.swift; path = MotivationalMessage.swift; sourceTree = "<group>"; };
		445D57592CE0D44700A622E3 /* TabButton.swift */ = {isa = PBXFileReference; lastKnownFileType = sourcecode.swift; path = TabButton.swift; sourceTree = "<group>"; };
		445D575B2CE0D83F00A622E3 /* TodoFormView.swift */ = {isa = PBXFileReference; lastKnownFileType = sourcecode.swift; path = TodoFormView.swift; sourceTree = "<group>"; };
		445D575D2CE0D84800A622E3 /* CategoryFormView.swift */ = {isa = PBXFileReference; lastKnownFileType = sourcecode.swift; path = CategoryFormView.swift; sourceTree = "<group>"; };
		445D57612CE0D8FF00A622E3 /* CategoryViewModel.swift */ = {isa = PBXFileReference; lastKnownFileType = sourcecode.swift; path = CategoryViewModel.swift; sourceTree = "<group>"; };
		445D57652CE0E3BE00A622E3 /* CategoryCard.swift */ = {isa = PBXFileReference; lastKnownFileType = sourcecode.swift; path = CategoryCard.swift; sourceTree = "<group>"; };
		446A0B6F2CDFBAA9000138FD /* Formatter+Extension.swift */ = {isa = PBXFileReference; lastKnownFileType = sourcecode.swift; path = "Formatter+Extension.swift"; sourceTree = "<group>"; };
		4479B4402D0487EB006A3775 /* CodableColor.swift */ = {isa = PBXFileReference; lastKnownFileType = sourcecode.swift; path = CodableColor.swift; sourceTree = "<group>"; };
		4483BB632CDD25060058B8CF /* Montserrat-Regular.ttf */ = {isa = PBXFileReference; lastKnownFileType = file; path = "Montserrat-Regular.ttf"; sourceTree = "<group>"; };
		4483BB642CDD25060058B8CF /* Montserrat-SemiBold.ttf */ = {isa = PBXFileReference; lastKnownFileType = file; path = "Montserrat-SemiBold.ttf"; sourceTree = "<group>"; };
		4483BB662CDD25060058B8CF /* Montserrat-Medium.ttf */ = {isa = PBXFileReference; lastKnownFileType = file; path = "Montserrat-Medium.ttf"; sourceTree = "<group>"; };
		4483BB6D2CDD285A0058B8CF /* en */ = {isa = PBXFileReference; lastKnownFileType = text.plist.strings; name = en; path = en.lproj/Localizable.strings; sourceTree = "<group>"; };
		4483BB6F2CDD28E90058B8CF /* tr */ = {isa = PBXFileReference; lastKnownFileType = text.plist.strings; name = tr; path = tr.lproj/Localizable.strings; sourceTree = "<group>"; };
		4483BB702CDD32F50058B8CF /* FloatingButton.swift */ = {isa = PBXFileReference; lastKnownFileType = sourcecode.swift; path = FloatingButton.swift; sourceTree = "<group>"; };
		4483BB742CDD3D3D0058B8CF /* TodoCard.swift */ = {isa = PBXFileReference; lastKnownFileType = sourcecode.swift; path = TodoCard.swift; sourceTree = "<group>"; };
		44962D562D120A0C003572DB /* Constants.swift */ = {isa = PBXFileReference; lastKnownFileType = sourcecode.swift; path = Constants.swift; sourceTree = "<group>"; };
		449F5DC22D146F5F007E2E12 /* AllTodosView.swift */ = {isa = PBXFileReference; lastKnownFileType = sourcecode.swift; path = AllTodosView.swift; sourceTree = "<group>"; };
		449F5DC42D1473BA007E2E12 /* AllCategoriesView.swift */ = {isa = PBXFileReference; lastKnownFileType = sourcecode.swift; path = AllCategoriesView.swift; sourceTree = "<group>"; };
		449F5DC62D1478C0007E2E12 /* PlusSheetView.swift */ = {isa = PBXFileReference; lastKnownFileType = sourcecode.swift; path = PlusSheetView.swift; sourceTree = "<group>"; };
		449F5DCA2D147979007E2E12 /* BaseHeader.swift */ = {isa = PBXFileReference; lastKnownFileType = sourcecode.swift; path = BaseHeader.swift; sourceTree = "<group>"; };
		449F5DCC2D1479FA007E2E12 /* SectionHeader.swift */ = {isa = PBXFileReference; lastKnownFileType = sourcecode.swift; path = SectionHeader.swift; sourceTree = "<group>"; };
		449F5DD02D147C39007E2E12 /* NavigationState.swift */ = {isa = PBXFileReference; lastKnownFileType = sourcecode.swift; path = NavigationState.swift; sourceTree = "<group>"; };
		44BB09072CD3FA120059EE0D /* MVVMToDoSwiftUI.app */ = {isa = PBXFileReference; explicitFileType = wrapper.application; includeInIndex = 0; path = MVVMToDoSwiftUI.app; sourceTree = BUILT_PRODUCTS_DIR; };
		44BB090A2CD3FA120059EE0D /* MVVMToDoSwiftUIApp.swift */ = {isa = PBXFileReference; lastKnownFileType = sourcecode.swift; path = MVVMToDoSwiftUIApp.swift; sourceTree = "<group>"; };
		44BB090C2CD3FA120059EE0D /* WelcomeView.swift */ = {isa = PBXFileReference; lastKnownFileType = sourcecode.swift; path = WelcomeView.swift; sourceTree = "<group>"; };
		44BB090E2CD3FA130059EE0D /* Assets.xcassets */ = {isa = PBXFileReference; lastKnownFileType = folder.assetcatalog; path = Assets.xcassets; sourceTree = "<group>"; };
		44BB09112CD3FA130059EE0D /* Preview Assets.xcassets */ = {isa = PBXFileReference; lastKnownFileType = folder.assetcatalog; path = "Preview Assets.xcassets"; sourceTree = "<group>"; };
		44BB09172CD3FA130059EE0D /* MVVMToDoSwiftUITests.xctest */ = {isa = PBXFileReference; explicitFileType = wrapper.cfbundle; includeInIndex = 0; path = MVVMToDoSwiftUITests.xctest; sourceTree = BUILT_PRODUCTS_DIR; };
		44BB091B2CD3FA130059EE0D /* MVVMToDoSwiftUITests.swift */ = {isa = PBXFileReference; lastKnownFileType = sourcecode.swift; path = MVVMToDoSwiftUITests.swift; sourceTree = "<group>"; };
		44BB09212CD3FA130059EE0D /* MVVMToDoSwiftUIUITests.xctest */ = {isa = PBXFileReference; explicitFileType = wrapper.cfbundle; includeInIndex = 0; path = MVVMToDoSwiftUIUITests.xctest; sourceTree = BUILT_PRODUCTS_DIR; };
		44BB09252CD3FA130059EE0D /* MVVMToDoSwiftUIUITests.swift */ = {isa = PBXFileReference; lastKnownFileType = sourcecode.swift; path = MVVMToDoSwiftUIUITests.swift; sourceTree = "<group>"; };
		44BB09272CD3FA130059EE0D /* MVVMToDoSwiftUIUITestsLaunchTests.swift */ = {isa = PBXFileReference; lastKnownFileType = sourcecode.swift; path = MVVMToDoSwiftUIUITestsLaunchTests.swift; sourceTree = "<group>"; };
		44BB09362CD3FD040059EE0D /* Montserrat-Bold.ttf */ = {isa = PBXFileReference; lastKnownFileType = file; path = "Montserrat-Bold.ttf"; sourceTree = "<group>"; };
		44BB09422CD3FDB20059EE0D /* Info.plist */ = {isa = PBXFileReference; lastKnownFileType = text.plist; path = Info.plist; sourceTree = "<group>"; };
		44BB09452CD3FEBA0059EE0D /* Font+Extensions.swift */ = {isa = PBXFileReference; lastKnownFileType = sourcecode.swift; path = "Font+Extensions.swift"; sourceTree = "<group>"; };
		44BB094D2CD40C6E0059EE0D /* AssetColors.xcassets */ = {isa = PBXFileReference; lastKnownFileType = folder.assetcatalog; path = AssetColors.xcassets; sourceTree = "<group>"; };
		44BB09502CD40C9D0059EE0D /* AssetImages.xcassets */ = {isa = PBXFileReference; lastKnownFileType = folder.assetcatalog; path = AssetImages.xcassets; sourceTree = "<group>"; };
		44BB09522CD40E480059EE0D /* Color+Extension.swift */ = {isa = PBXFileReference; lastKnownFileType = sourcecode.swift; path = "Color+Extension.swift"; sourceTree = "<group>"; };
		44CAF0362CD676EF008AACCC /* AppButton.swift */ = {isa = PBXFileReference; lastKnownFileType = sourcecode.swift; path = AppButton.swift; sourceTree = "<group>"; };
		44CAF0382CD67A4E008AACCC /* TodoView.swift */ = {isa = PBXFileReference; lastKnownFileType = sourcecode.swift; path = TodoView.swift; sourceTree = "<group>"; };
		44CAF03A2CD68719008AACCC /* TodoViewModel.swift */ = {isa = PBXFileReference; lastKnownFileType = sourcecode.swift; path = TodoViewModel.swift; sourceTree = "<group>"; };
		44CAF03C2CD69A46008AACCC /* TodoItem.swift */ = {isa = PBXFileReference; lastKnownFileType = sourcecode.swift; path = TodoItem.swift; sourceTree = "<group>"; };
		44CAF03E2CD69A4D008AACCC /* Category.swift */ = {isa = PBXFileReference; lastKnownFileType = sourcecode.swift; path = Category.swift; sourceTree = "<group>"; };
		44F8BEE02CF650CE00CD9976 /* AppInput.swift */ = {isa = PBXFileReference; lastKnownFileType = sourcecode.swift; path = AppInput.swift; sourceTree = "<group>"; };
/* End PBXFileReference section */

/* Begin PBXFrameworksBuildPhase section */
		44BB09042CD3FA120059EE0D /* Frameworks */ = {
			isa = PBXFrameworksBuildPhase;
			buildActionMask = 2147483647;
			files = (
			);
			runOnlyForDeploymentPostprocessing = 0;
		};
		44BB09142CD3FA130059EE0D /* Frameworks */ = {
			isa = PBXFrameworksBuildPhase;
			buildActionMask = 2147483647;
			files = (
			);
			runOnlyForDeploymentPostprocessing = 0;
		};
		44BB091E2CD3FA130059EE0D /* Frameworks */ = {
			isa = PBXFrameworksBuildPhase;
			buildActionMask = 2147483647;
			files = (
			);
			runOnlyForDeploymentPostprocessing = 0;
		};
/* End PBXFrameworksBuildPhase section */

/* Begin PBXGroup section */
		4483BB6B2CDD28370058B8CF /* Resources */ = {
			isa = PBXGroup;
			children = (
				4483BB6C2CDD285A0058B8CF /* Localizable.strings */,
				44BB09342CD3FC550059EE0D /* Assets */,
			);
			path = Resources;
			sourceTree = "<group>";
		};
		4483BB722CDD3D190058B8CF /* Buttons */ = {
			isa = PBXGroup;
			children = (
				44CAF0362CD676EF008AACCC /* AppButton.swift */,
				4483BB702CDD32F50058B8CF /* FloatingButton.swift */,
				445D57592CE0D44700A622E3 /* TabButton.swift */,
				44F8BEE02CF650CE00CD9976 /* AppInput.swift */,
			);
			path = Buttons;
			sourceTree = "<group>";
		};
		4483BB732CDD3D310058B8CF /* Cards */ = {
			isa = PBXGroup;
			children = (
				4483BB742CDD3D3D0058B8CF /* TodoCard.swift */,
				445D57652CE0E3BE00A622E3 /* CategoryCard.swift */,
			);
			path = Cards;
			sourceTree = "<group>";
		};
		449F5DC82D147945007E2E12 /* Headers */ = {
			isa = PBXGroup;
			children = (
				449F5DCA2D147979007E2E12 /* BaseHeader.swift */,
				449F5DCC2D1479FA007E2E12 /* SectionHeader.swift */,
			);
			path = Headers;
			sourceTree = "<group>";
		};
		449F5DCF2D147C22007E2E12 /* Navigation */ = {
			isa = PBXGroup;
			children = (
				449F5DD02D147C39007E2E12 /* NavigationState.swift */,
			);
			path = Navigation;
			sourceTree = "<group>";
		};
		44BB08FE2CD3FA120059EE0D = {
			isa = PBXGroup;
			children = (
				44BB09092CD3FA120059EE0D /* MVVMToDoSwiftUI */,
				44BB091A2CD3FA130059EE0D /* MVVMToDoSwiftUITests */,
				44BB09242CD3FA130059EE0D /* MVVMToDoSwiftUIUITests */,
				44BB09082CD3FA120059EE0D /* Products */,
			);
			sourceTree = "<group>";
		};
		44BB09082CD3FA120059EE0D /* Products */ = {
			isa = PBXGroup;
			children = (
				44BB09072CD3FA120059EE0D /* MVVMToDoSwiftUI.app */,
				44BB09172CD3FA130059EE0D /* MVVMToDoSwiftUITests.xctest */,
				44BB09212CD3FA130059EE0D /* MVVMToDoSwiftUIUITests.xctest */,
			);
			name = Products;
			sourceTree = "<group>";
		};
		44BB09092CD3FA120059EE0D /* MVVMToDoSwiftUI */ = {
			isa = PBXGroup;
			children = (
				44BB09432CD3FEA00059EE0D /* Utilities */,
				4483BB6B2CDD28370058B8CF /* Resources */,
				44CAF0352CD676E4008AACCC /* Components */,
				44BB09492CD409020059EE0D /* ViewModels */,
				44BB09482CD408F00059EE0D /* Views */,
				44BB09472CD408EA0059EE0D /* Models */,
				44BB09422CD3FDB20059EE0D /* Info.plist */,
				44BB090A2CD3FA120059EE0D /* MVVMToDoSwiftUIApp.swift */,
			);
			path = MVVMToDoSwiftUI;
			sourceTree = "<group>";
		};
		44BB09102CD3FA130059EE0D /* Preview Content */ = {
			isa = PBXGroup;
			children = (
				442B01B32D0B747F006875AC /* CategorySamples.swift */,
				442B01AF2D0B683E006875AC /* TodoSamples.swift */,
				442B01B12D0B68AB006875AC /* PreviewContainer.swift */,
				44BB09112CD3FA130059EE0D /* Preview Assets.xcassets */,
			);
			path = "Preview Content";
			sourceTree = "<group>";
		};
		44BB091A2CD3FA130059EE0D /* MVVMToDoSwiftUITests */ = {
			isa = PBXGroup;
			children = (
				44BB091B2CD3FA130059EE0D /* MVVMToDoSwiftUITests.swift */,
			);
			path = MVVMToDoSwiftUITests;
			sourceTree = "<group>";
		};
		44BB09242CD3FA130059EE0D /* MVVMToDoSwiftUIUITests */ = {
			isa = PBXGroup;
			children = (
				44BB09252CD3FA130059EE0D /* MVVMToDoSwiftUIUITests.swift */,
				44BB09272CD3FA130059EE0D /* MVVMToDoSwiftUIUITestsLaunchTests.swift */,
			);
			path = MVVMToDoSwiftUIUITests;
			sourceTree = "<group>";
		};
		44BB09342CD3FC550059EE0D /* Assets */ = {
			isa = PBXGroup;
			children = (
				44BB090E2CD3FA130059EE0D /* Assets.xcassets */,
				44BB09102CD3FA130059EE0D /* Preview Content */,
				44BB094F2CD40C890059EE0D /* Images */,
				44BB094A2CD40BC40059EE0D /* Colors */,
				44BB09352CD3FC5E0059EE0D /* Fonts */,
			);
			path = Assets;
			sourceTree = "<group>";
		};
		44BB09352CD3FC5E0059EE0D /* Fonts */ = {
			isa = PBXGroup;
			children = (
				44BB09362CD3FD040059EE0D /* Montserrat-Bold.ttf */,
				4483BB662CDD25060058B8CF /* Montserrat-Medium.ttf */,
				4483BB632CDD25060058B8CF /* Montserrat-Regular.ttf */,
				4483BB642CDD25060058B8CF /* Montserrat-SemiBold.ttf */,
			);
			path = Fonts;
			sourceTree = "<group>";
		};
		44BB09432CD3FEA00059EE0D /* Utilities */ = {
			isa = PBXGroup;
			children = (
				44962D562D120A0C003572DB /* Constants.swift */,
				44514D582D08CA0900AC4B3F /* MotivationalMessage.swift */,
				44BB09442CD3FEAA0059EE0D /* Extensions */,
				449F5DCF2D147C22007E2E12 /* Navigation */,
			);
			path = Utilities;
			sourceTree = "<group>";
		};
		44BB09442CD3FEAA0059EE0D /* Extensions */ = {
			isa = PBXGroup;
			children = (
				4479B4402D0487EB006A3775 /* CodableColor.swift */,
				44BB09452CD3FEBA0059EE0D /* Font+Extensions.swift */,
				44BB09522CD40E480059EE0D /* Color+Extension.swift */,
				446A0B6F2CDFBAA9000138FD /* Formatter+Extension.swift */,
			);
			path = Extensions;
			sourceTree = "<group>";
		};
		44BB09472CD408EA0059EE0D /* Models */ = {
			isa = PBXGroup;
			children = (
				44CAF03C2CD69A46008AACCC /* TodoItem.swift */,
				44CAF03E2CD69A4D008AACCC /* Category.swift */,
			);
			path = Models;
			sourceTree = "<group>";
		};
		44BB09482CD408F00059EE0D /* Views */ = {
			isa = PBXGroup;
			children = (
				44BB090C2CD3FA120059EE0D /* WelcomeView.swift */,
				44CAF0382CD67A4E008AACCC /* TodoView.swift */,
				445D575B2CE0D83F00A622E3 /* TodoFormView.swift */,
				445D575D2CE0D84800A622E3 /* CategoryFormView.swift */,
				449F5DC22D146F5F007E2E12 /* AllTodosView.swift */,
				449F5DC42D1473BA007E2E12 /* AllCategoriesView.swift */,
				449F5DC62D1478C0007E2E12 /* PlusSheetView.swift */,
			);
			path = Views;
			sourceTree = "<group>";
		};
		44BB09492CD409020059EE0D /* ViewModels */ = {
			isa = PBXGroup;
			children = (
				44CAF03A2CD68719008AACCC /* TodoViewModel.swift */,
				445D57612CE0D8FF00A622E3 /* CategoryViewModel.swift */,
			);
			path = ViewModels;
			sourceTree = "<group>";
		};
		44BB094A2CD40BC40059EE0D /* Colors */ = {
			isa = PBXGroup;
			children = (
				44BB094D2CD40C6E0059EE0D /* AssetColors.xcassets */,
			);
			path = Colors;
			sourceTree = "<group>";
		};
		44BB094F2CD40C890059EE0D /* Images */ = {
			isa = PBXGroup;
			children = (
				44BB09502CD40C9D0059EE0D /* AssetImages.xcassets */,
			);
			path = Images;
			sourceTree = "<group>";
		};
		44CAF0352CD676E4008AACCC /* Components */ = {
			isa = PBXGroup;
			children = (
				449F5DC82D147945007E2E12 /* Headers */,
				4483BB732CDD3D310058B8CF /* Cards */,
				4483BB722CDD3D190058B8CF /* Buttons */,
			);
			path = Components;
			sourceTree = "<group>";
		};
/* End PBXGroup section */

/* Begin PBXNativeTarget section */
		44BB09062CD3FA120059EE0D /* MVVMToDoSwiftUI */ = {
			isa = PBXNativeTarget;
			buildConfigurationList = 44BB092B2CD3FA130059EE0D /* Build configuration list for PBXNativeTarget "MVVMToDoSwiftUI" */;
			buildPhases = (
				44BB09032CD3FA120059EE0D /* Sources */,
				44BB09042CD3FA120059EE0D /* Frameworks */,
				44BB09052CD3FA120059EE0D /* Resources */,
			);
			buildRules = (
			);
			dependencies = (
			);
			name = MVVMToDoSwiftUI;
			productName = MVVMToDoSwiftUI;
			productReference = 44BB09072CD3FA120059EE0D /* MVVMToDoSwiftUI.app */;
			productType = "com.apple.product-type.application";
		};
		44BB09162CD3FA130059EE0D /* MVVMToDoSwiftUITests */ = {
			isa = PBXNativeTarget;
			buildConfigurationList = 44BB092E2CD3FA130059EE0D /* Build configuration list for PBXNativeTarget "MVVMToDoSwiftUITests" */;
			buildPhases = (
				44BB09132CD3FA130059EE0D /* Sources */,
				44BB09142CD3FA130059EE0D /* Frameworks */,
				44BB09152CD3FA130059EE0D /* Resources */,
			);
			buildRules = (
			);
			dependencies = (
				44BB09192CD3FA130059EE0D /* PBXTargetDependency */,
			);
			name = MVVMToDoSwiftUITests;
			productName = MVVMToDoSwiftUITests;
			productReference = 44BB09172CD3FA130059EE0D /* MVVMToDoSwiftUITests.xctest */;
			productType = "com.apple.product-type.bundle.unit-test";
		};
		44BB09202CD3FA130059EE0D /* MVVMToDoSwiftUIUITests */ = {
			isa = PBXNativeTarget;
			buildConfigurationList = 44BB09312CD3FA130059EE0D /* Build configuration list for PBXNativeTarget "MVVMToDoSwiftUIUITests" */;
			buildPhases = (
				44BB091D2CD3FA130059EE0D /* Sources */,
				44BB091E2CD3FA130059EE0D /* Frameworks */,
				44BB091F2CD3FA130059EE0D /* Resources */,
			);
			buildRules = (
			);
			dependencies = (
				44BB09232CD3FA130059EE0D /* PBXTargetDependency */,
			);
			name = MVVMToDoSwiftUIUITests;
			productName = MVVMToDoSwiftUIUITests;
			productReference = 44BB09212CD3FA130059EE0D /* MVVMToDoSwiftUIUITests.xctest */;
			productType = "com.apple.product-type.bundle.ui-testing";
		};
/* End PBXNativeTarget section */

/* Begin PBXProject section */
		44BB08FF2CD3FA120059EE0D /* Project object */ = {
			isa = PBXProject;
			attributes = {
				BuildIndependentTargetsInParallel = 1;
				LastSwiftUpdateCheck = 1540;
				LastUpgradeCheck = 1540;
				TargetAttributes = {
					44BB09062CD3FA120059EE0D = {
						CreatedOnToolsVersion = 15.4;
					};
					44BB09162CD3FA130059EE0D = {
						CreatedOnToolsVersion = 15.4;
						TestTargetID = 44BB09062CD3FA120059EE0D;
					};
					44BB09202CD3FA130059EE0D = {
						CreatedOnToolsVersion = 15.4;
						TestTargetID = 44BB09062CD3FA120059EE0D;
					};
				};
			};
			buildConfigurationList = 44BB09022CD3FA120059EE0D /* Build configuration list for PBXProject "MVVMToDoSwiftUI" */;
			compatibilityVersion = "Xcode 14.0";
			developmentRegion = en;
			hasScannedForEncodings = 0;
			knownRegions = (
				en,
				Base,
				tr,
			);
			mainGroup = 44BB08FE2CD3FA120059EE0D;
			productRefGroup = 44BB09082CD3FA120059EE0D /* Products */;
			projectDirPath = "";
			projectRoot = "";
			targets = (
				44BB09062CD3FA120059EE0D /* MVVMToDoSwiftUI */,
				44BB09162CD3FA130059EE0D /* MVVMToDoSwiftUITests */,
				44BB09202CD3FA130059EE0D /* MVVMToDoSwiftUIUITests */,
			);
		};
/* End PBXProject section */

/* Begin PBXResourcesBuildPhase section */
		44BB09052CD3FA120059EE0D /* Resources */ = {
			isa = PBXResourcesBuildPhase;
			buildActionMask = 2147483647;
			files = (
				4483BB682CDD25060058B8CF /* Montserrat-SemiBold.ttf in Resources */,
				44BB09512CD40C9D0059EE0D /* AssetImages.xcassets in Resources */,
				44BB094E2CD40C6E0059EE0D /* AssetColors.xcassets in Resources */,
				44BB09122CD3FA130059EE0D /* Preview Assets.xcassets in Resources */,
				4483BB6E2CDD285A0058B8CF /* Localizable.strings in Resources */,
				44BB090F2CD3FA130059EE0D /* Assets.xcassets in Resources */,
				4483BB6A2CDD25060058B8CF /* Montserrat-Medium.ttf in Resources */,
				4483BB672CDD25060058B8CF /* Montserrat-Regular.ttf in Resources */,
				44BB093C2CD3FD040059EE0D /* Montserrat-Bold.ttf in Resources */,
			);
			runOnlyForDeploymentPostprocessing = 0;
		};
		44BB09152CD3FA130059EE0D /* Resources */ = {
			isa = PBXResourcesBuildPhase;
			buildActionMask = 2147483647;
			files = (
			);
			runOnlyForDeploymentPostprocessing = 0;
		};
		44BB091F2CD3FA130059EE0D /* Resources */ = {
			isa = PBXResourcesBuildPhase;
			buildActionMask = 2147483647;
			files = (
			);
			runOnlyForDeploymentPostprocessing = 0;
		};
/* End PBXResourcesBuildPhase section */

/* Begin PBXSourcesBuildPhase section */
		44BB09032CD3FA120059EE0D /* Sources */ = {
			isa = PBXSourcesBuildPhase;
			buildActionMask = 2147483647;
			files = (
				442B01B22D0B68B3006875AC /* PreviewContainer.swift in Sources */,
				44BB09462CD3FEBA0059EE0D /* Font+Extensions.swift in Sources */,
				44CAF03B2CD68719008AACCC /* TodoViewModel.swift in Sources */,
				445D575E2CE0D84800A622E3 /* CategoryFormView.swift in Sources */,
				442B01B42D0B7481006875AC /* CategorySamples.swift in Sources */,
				445D57662CE0E3BE00A622E3 /* CategoryCard.swift in Sources */,
				44F8BEE12CF650CE00CD9976 /* AppInput.swift in Sources */,
				44BB090D2CD3FA120059EE0D /* WelcomeView.swift in Sources */,
				4483BB752CDD3D3D0058B8CF /* TodoCard.swift in Sources */,
				449F5DC72D1478C0007E2E12 /* PlusSheetView.swift in Sources */,
				442B01B02D0B6841006875AC /* TodoSamples.swift in Sources */,
				449F5DCD2D1479FA007E2E12 /* SectionHeader.swift in Sources */,
				449F5DCB2D147979007E2E12 /* BaseHeader.swift in Sources */,
				44BB090B2CD3FA120059EE0D /* MVVMToDoSwiftUIApp.swift in Sources */,
				44514D592D08CA1200AC4B3F /* MotivationalMessage.swift in Sources */,
				44BB09532CD40E480059EE0D /* Color+Extension.swift in Sources */,
				449F5DC32D146F5F007E2E12 /* AllTodosView.swift in Sources */,
				449F5DD12D147C42007E2E12 /* NavigationState.swift in Sources */,
				449F5DC52D1473BA007E2E12 /* AllCategoriesView.swift in Sources */,
				44CAF03F2CD69A4D008AACCC /* Category.swift in Sources */,
				446A0B702CDFBAA9000138FD /* Formatter+Extension.swift in Sources */,
				445D57622CE0D8FF00A622E3 /* CategoryViewModel.swift in Sources */,
				44CAF0392CD67A4E008AACCC /* TodoView.swift in Sources */,
				4483BB712CDD32F50058B8CF /* FloatingButton.swift in Sources */,
				44CAF03D2CD69A46008AACCC /* TodoItem.swift in Sources */,
				44CAF0372CD676EF008AACCC /* AppButton.swift in Sources */,
				4479B4412D0487F1006A3775 /* CodableColor.swift in Sources */,
				445D575A2CE0D44700A622E3 /* TabButton.swift in Sources */,
				445D575C2CE0D84000A622E3 /* TodoFormView.swift in Sources */,
				44962D572D120A11003572DB /* Constants.swift in Sources */,
			);
			runOnlyForDeploymentPostprocessing = 0;
		};
		44BB09132CD3FA130059EE0D /* Sources */ = {
			isa = PBXSourcesBuildPhase;
			buildActionMask = 2147483647;
			files = (
				44BB091C2CD3FA130059EE0D /* MVVMToDoSwiftUITests.swift in Sources */,
			);
			runOnlyForDeploymentPostprocessing = 0;
		};
		44BB091D2CD3FA130059EE0D /* Sources */ = {
			isa = PBXSourcesBuildPhase;
			buildActionMask = 2147483647;
			files = (
				44BB09282CD3FA130059EE0D /* MVVMToDoSwiftUIUITestsLaunchTests.swift in Sources */,
				44BB09262CD3FA130059EE0D /* MVVMToDoSwiftUIUITests.swift in Sources */,
			);
			runOnlyForDeploymentPostprocessing = 0;
		};
/* End PBXSourcesBuildPhase section */

/* Begin PBXTargetDependency section */
		44BB09192CD3FA130059EE0D /* PBXTargetDependency */ = {
			isa = PBXTargetDependency;
			target = 44BB09062CD3FA120059EE0D /* MVVMToDoSwiftUI */;
			targetProxy = 44BB09182CD3FA130059EE0D /* PBXContainerItemProxy */;
		};
		44BB09232CD3FA130059EE0D /* PBXTargetDependency */ = {
			isa = PBXTargetDependency;
			target = 44BB09062CD3FA120059EE0D /* MVVMToDoSwiftUI */;
			targetProxy = 44BB09222CD3FA130059EE0D /* PBXContainerItemProxy */;
		};
/* End PBXTargetDependency section */

/* Begin PBXVariantGroup section */
		4483BB6C2CDD285A0058B8CF /* Localizable.strings */ = {
			isa = PBXVariantGroup;
			children = (
				4483BB6D2CDD285A0058B8CF /* en */,
				4483BB6F2CDD28E90058B8CF /* tr */,
			);
			name = Localizable.strings;
			sourceTree = "<group>";
		};
/* End PBXVariantGroup section */

/* Begin XCBuildConfiguration section */
		44BB09292CD3FA130059EE0D /* Debug */ = {
			isa = XCBuildConfiguration;
			buildSettings = {
				ALWAYS_SEARCH_USER_PATHS = NO;
				ASSETCATALOG_COMPILER_GENERATE_SWIFT_ASSET_SYMBOL_EXTENSIONS = YES;
				CLANG_ANALYZER_LOCALIZABILITY_NONLOCALIZED = YES;
				CLANG_ANALYZER_NONNULL = YES;
				CLANG_ANALYZER_NUMBER_OBJECT_CONVERSION = YES_AGGRESSIVE;
				CLANG_CXX_LANGUAGE_STANDARD = "gnu++20";
				CLANG_ENABLE_MODULES = YES;
				CLANG_ENABLE_OBJC_ARC = YES;
				CLANG_ENABLE_OBJC_WEAK = YES;
				CLANG_WARN_BLOCK_CAPTURE_AUTORELEASING = YES;
				CLANG_WARN_BOOL_CONVERSION = YES;
				CLANG_WARN_COMMA = YES;
				CLANG_WARN_CONSTANT_CONVERSION = YES;
				CLANG_WARN_DEPRECATED_OBJC_IMPLEMENTATIONS = YES;
				CLANG_WARN_DIRECT_OBJC_ISA_USAGE = YES_ERROR;
				CLANG_WARN_DOCUMENTATION_COMMENTS = YES;
				CLANG_WARN_EMPTY_BODY = YES;
				CLANG_WARN_ENUM_CONVERSION = YES;
				CLANG_WARN_INFINITE_RECURSION = YES;
				CLANG_WARN_INT_CONVERSION = YES;
				CLANG_WARN_NON_LITERAL_NULL_CONVERSION = YES;
				CLANG_WARN_OBJC_IMPLICIT_RETAIN_SELF = YES;
				CLANG_WARN_OBJC_LITERAL_CONVERSION = YES;
				CLANG_WARN_OBJC_ROOT_CLASS = YES_ERROR;
				CLANG_WARN_QUOTED_INCLUDE_IN_FRAMEWORK_HEADER = YES;
				CLANG_WARN_RANGE_LOOP_ANALYSIS = YES;
				CLANG_WARN_STRICT_PROTOTYPES = YES;
				CLANG_WARN_SUSPICIOUS_MOVE = YES;
				CLANG_WARN_UNGUARDED_AVAILABILITY = YES_AGGRESSIVE;
				CLANG_WARN_UNREACHABLE_CODE = YES;
				CLANG_WARN__DUPLICATE_METHOD_MATCH = YES;
				COPY_PHASE_STRIP = NO;
				DEBUG_INFORMATION_FORMAT = dwarf;
				ENABLE_STRICT_OBJC_MSGSEND = YES;
				ENABLE_TESTABILITY = YES;
				ENABLE_USER_SCRIPT_SANDBOXING = YES;
				GCC_C_LANGUAGE_STANDARD = gnu17;
				GCC_DYNAMIC_NO_PIC = NO;
				GCC_NO_COMMON_BLOCKS = YES;
				GCC_OPTIMIZATION_LEVEL = 0;
				GCC_PREPROCESSOR_DEFINITIONS = (
					"DEBUG=1",
					"$(inherited)",
				);
				GCC_WARN_64_TO_32_BIT_CONVERSION = YES;
				GCC_WARN_ABOUT_RETURN_TYPE = YES_ERROR;
				GCC_WARN_UNDECLARED_SELECTOR = YES;
				GCC_WARN_UNINITIALIZED_AUTOS = YES_AGGRESSIVE;
				GCC_WARN_UNUSED_FUNCTION = YES;
				GCC_WARN_UNUSED_VARIABLE = YES;
				IPHONEOS_DEPLOYMENT_TARGET = 17.5;
				LOCALIZATION_PREFERS_STRING_CATALOGS = YES;
				MTL_ENABLE_DEBUG_INFO = INCLUDE_SOURCE;
				MTL_FAST_MATH = YES;
				ONLY_ACTIVE_ARCH = YES;
				SDKROOT = iphoneos;
				SWIFT_ACTIVE_COMPILATION_CONDITIONS = "DEBUG $(inherited)";
				SWIFT_OPTIMIZATION_LEVEL = "-Onone";
			};
			name = Debug;
		};
		44BB092A2CD3FA130059EE0D /* Release */ = {
			isa = XCBuildConfiguration;
			buildSettings = {
				ALWAYS_SEARCH_USER_PATHS = NO;
				ASSETCATALOG_COMPILER_GENERATE_SWIFT_ASSET_SYMBOL_EXTENSIONS = YES;
				CLANG_ANALYZER_LOCALIZABILITY_NONLOCALIZED = YES;
				CLANG_ANALYZER_NONNULL = YES;
				CLANG_ANALYZER_NUMBER_OBJECT_CONVERSION = YES_AGGRESSIVE;
				CLANG_CXX_LANGUAGE_STANDARD = "gnu++20";
				CLANG_ENABLE_MODULES = YES;
				CLANG_ENABLE_OBJC_ARC = YES;
				CLANG_ENABLE_OBJC_WEAK = YES;
				CLANG_WARN_BLOCK_CAPTURE_AUTORELEASING = YES;
				CLANG_WARN_BOOL_CONVERSION = YES;
				CLANG_WARN_COMMA = YES;
				CLANG_WARN_CONSTANT_CONVERSION = YES;
				CLANG_WARN_DEPRECATED_OBJC_IMPLEMENTATIONS = YES;
				CLANG_WARN_DIRECT_OBJC_ISA_USAGE = YES_ERROR;
				CLANG_WARN_DOCUMENTATION_COMMENTS = YES;
				CLANG_WARN_EMPTY_BODY = YES;
				CLANG_WARN_ENUM_CONVERSION = YES;
				CLANG_WARN_INFINITE_RECURSION = YES;
				CLANG_WARN_INT_CONVERSION = YES;
				CLANG_WARN_NON_LITERAL_NULL_CONVERSION = YES;
				CLANG_WARN_OBJC_IMPLICIT_RETAIN_SELF = YES;
				CLANG_WARN_OBJC_LITERAL_CONVERSION = YES;
				CLANG_WARN_OBJC_ROOT_CLASS = YES_ERROR;
				CLANG_WARN_QUOTED_INCLUDE_IN_FRAMEWORK_HEADER = YES;
				CLANG_WARN_RANGE_LOOP_ANALYSIS = YES;
				CLANG_WARN_STRICT_PROTOTYPES = YES;
				CLANG_WARN_SUSPICIOUS_MOVE = YES;
				CLANG_WARN_UNGUARDED_AVAILABILITY = YES_AGGRESSIVE;
				CLANG_WARN_UNREACHABLE_CODE = YES;
				CLANG_WARN__DUPLICATE_METHOD_MATCH = YES;
				COPY_PHASE_STRIP = NO;
				DEBUG_INFORMATION_FORMAT = "dwarf-with-dsym";
				ENABLE_NS_ASSERTIONS = NO;
				ENABLE_STRICT_OBJC_MSGSEND = YES;
				ENABLE_USER_SCRIPT_SANDBOXING = YES;
				GCC_C_LANGUAGE_STANDARD = gnu17;
				GCC_NO_COMMON_BLOCKS = YES;
				GCC_WARN_64_TO_32_BIT_CONVERSION = YES;
				GCC_WARN_ABOUT_RETURN_TYPE = YES_ERROR;
				GCC_WARN_UNDECLARED_SELECTOR = YES;
				GCC_WARN_UNINITIALIZED_AUTOS = YES_AGGRESSIVE;
				GCC_WARN_UNUSED_FUNCTION = YES;
				GCC_WARN_UNUSED_VARIABLE = YES;
				IPHONEOS_DEPLOYMENT_TARGET = 17.5;
				LOCALIZATION_PREFERS_STRING_CATALOGS = YES;
				MTL_ENABLE_DEBUG_INFO = NO;
				MTL_FAST_MATH = YES;
				SDKROOT = iphoneos;
				SWIFT_COMPILATION_MODE = wholemodule;
				VALIDATE_PRODUCT = YES;
			};
			name = Release;
		};
		44BB092C2CD3FA130059EE0D /* Debug */ = {
			isa = XCBuildConfiguration;
			buildSettings = {
				ASSETCATALOG_COMPILER_APPICON_NAME = AppIcon;
				ASSETCATALOG_COMPILER_GLOBAL_ACCENT_COLOR_NAME = AccentColor;
				CODE_SIGN_STYLE = Automatic;
				CURRENT_PROJECT_VERSION = 1;
				DEVELOPMENT_ASSET_PATHS = "\"MVVMToDoSwiftUI/Resources/Assets/Preview Content\"";
				DEVELOPMENT_TEAM = ZHAY9X6DYX;
				ENABLE_PREVIEWS = YES;
				GENERATE_INFOPLIST_FILE = YES;
				INFOPLIST_FILE = MVVMToDoSwiftUI/Info.plist;
				INFOPLIST_KEY_UIApplicationSceneManifest_Generation = YES;
				INFOPLIST_KEY_UIApplicationSupportsIndirectInputEvents = YES;
				INFOPLIST_KEY_UILaunchScreen_Generation = YES;
				INFOPLIST_KEY_UIStatusBarStyle = "";
				INFOPLIST_KEY_UISupportedInterfaceOrientations_iPad = "UIInterfaceOrientationPortrait UIInterfaceOrientationPortraitUpsideDown UIInterfaceOrientationLandscapeLeft UIInterfaceOrientationLandscapeRight";
				INFOPLIST_KEY_UISupportedInterfaceOrientations_iPhone = "UIInterfaceOrientationPortrait UIInterfaceOrientationLandscapeLeft UIInterfaceOrientationLandscapeRight";
				IPHONEOS_DEPLOYMENT_TARGET = 17.6;
				LD_RUNPATH_SEARCH_PATHS = (
					"$(inherited)",
					"@executable_path/Frameworks",
				);
				MARKETING_VERSION = 1.0;
				PRODUCT_BUNDLE_IDENTIFIER = com.dogukansakin.MVVMToDoSwiftUI;
				PRODUCT_NAME = "$(TARGET_NAME)";
				SWIFT_EMIT_LOC_STRINGS = YES;
				SWIFT_VERSION = 5.0;
				TARGETED_DEVICE_FAMILY = "1,2";
			};
			name = Debug;
		};
		44BB092D2CD3FA130059EE0D /* Release */ = {
			isa = XCBuildConfiguration;
			buildSettings = {
				ASSETCATALOG_COMPILER_APPICON_NAME = AppIcon;
				ASSETCATALOG_COMPILER_GLOBAL_ACCENT_COLOR_NAME = AccentColor;
				CODE_SIGN_STYLE = Automatic;
				CURRENT_PROJECT_VERSION = 1;
				DEVELOPMENT_ASSET_PATHS = "\"MVVMToDoSwiftUI/Resources/Assets/Preview Content\"";
				DEVELOPMENT_TEAM = ZHAY9X6DYX;
				ENABLE_PREVIEWS = YES;
				GENERATE_INFOPLIST_FILE = YES;
				INFOPLIST_FILE = MVVMToDoSwiftUI/Info.plist;
				INFOPLIST_KEY_UIApplicationSceneManifest_Generation = YES;
				INFOPLIST_KEY_UIApplicationSupportsIndirectInputEvents = YES;
				INFOPLIST_KEY_UILaunchScreen_Generation = YES;
				INFOPLIST_KEY_UIStatusBarStyle = "";
				INFOPLIST_KEY_UISupportedInterfaceOrientations_iPad = "UIInterfaceOrientationPortrait UIInterfaceOrientationPortraitUpsideDown UIInterfaceOrientationLandscapeLeft UIInterfaceOrientationLandscapeRight";
				INFOPLIST_KEY_UISupportedInterfaceOrientations_iPhone = "UIInterfaceOrientationPortrait UIInterfaceOrientationLandscapeLeft UIInterfaceOrientationLandscapeRight";
				IPHONEOS_DEPLOYMENT_TARGET = 17.6;
				LD_RUNPATH_SEARCH_PATHS = (
					"$(inherited)",
					"@executable_path/Frameworks",
				);
				MARKETING_VERSION = 1.0;
				PRODUCT_BUNDLE_IDENTIFIER = com.dogukansakin.MVVMToDoSwiftUI;
				PRODUCT_NAME = "$(TARGET_NAME)";
				SWIFT_EMIT_LOC_STRINGS = YES;
				SWIFT_VERSION = 5.0;
				TARGETED_DEVICE_FAMILY = "1,2";
			};
			name = Release;
		};
		44BB092F2CD3FA130059EE0D /* Debug */ = {
			isa = XCBuildConfiguration;
			buildSettings = {
				ALWAYS_EMBED_SWIFT_STANDARD_LIBRARIES = YES;
				BUNDLE_LOADER = "$(TEST_HOST)";
				CODE_SIGN_STYLE = Automatic;
				CURRENT_PROJECT_VERSION = 1;
				DEVELOPMENT_TEAM = ZHAY9X6DYX;
				GENERATE_INFOPLIST_FILE = YES;
				IPHONEOS_DEPLOYMENT_TARGET = 17.5;
				MARKETING_VERSION = 1.0;
				PRODUCT_BUNDLE_IDENTIFIER = com.dogukansakin.MVVMToDoSwiftUITests;
				PRODUCT_NAME = "$(TARGET_NAME)";
				SWIFT_EMIT_LOC_STRINGS = NO;
				SWIFT_VERSION = 5.0;
				TARGETED_DEVICE_FAMILY = "1,2";
				TEST_HOST = "$(BUILT_PRODUCTS_DIR)/MVVMToDoSwiftUI.app/$(BUNDLE_EXECUTABLE_FOLDER_PATH)/MVVMToDoSwiftUI";
			};
			name = Debug;
		};
		44BB09302CD3FA130059EE0D /* Release */ = {
			isa = XCBuildConfiguration;
			buildSettings = {
				ALWAYS_EMBED_SWIFT_STANDARD_LIBRARIES = YES;
				BUNDLE_LOADER = "$(TEST_HOST)";
				CODE_SIGN_STYLE = Automatic;
				CURRENT_PROJECT_VERSION = 1;
				DEVELOPMENT_TEAM = ZHAY9X6DYX;
				GENERATE_INFOPLIST_FILE = YES;
				IPHONEOS_DEPLOYMENT_TARGET = 17.5;
				MARKETING_VERSION = 1.0;
				PRODUCT_BUNDLE_IDENTIFIER = com.dogukansakin.MVVMToDoSwiftUITests;
				PRODUCT_NAME = "$(TARGET_NAME)";
				SWIFT_EMIT_LOC_STRINGS = NO;
				SWIFT_VERSION = 5.0;
				TARGETED_DEVICE_FAMILY = "1,2";
				TEST_HOST = "$(BUILT_PRODUCTS_DIR)/MVVMToDoSwiftUI.app/$(BUNDLE_EXECUTABLE_FOLDER_PATH)/MVVMToDoSwiftUI";
			};
			name = Release;
		};
		44BB09322CD3FA130059EE0D /* Debug */ = {
			isa = XCBuildConfiguration;
			buildSettings = {
				ALWAYS_EMBED_SWIFT_STANDARD_LIBRARIES = YES;
				CODE_SIGN_STYLE = Automatic;
				CURRENT_PROJECT_VERSION = 1;
				DEVELOPMENT_TEAM = ZHAY9X6DYX;
				GENERATE_INFOPLIST_FILE = YES;
				MARKETING_VERSION = 1.0;
				PRODUCT_BUNDLE_IDENTIFIER = com.dogukansakin.MVVMToDoSwiftUIUITests;
				PRODUCT_NAME = "$(TARGET_NAME)";
				SWIFT_EMIT_LOC_STRINGS = NO;
				SWIFT_VERSION = 5.0;
				TARGETED_DEVICE_FAMILY = "1,2";
				TEST_TARGET_NAME = MVVMToDoSwiftUI;
			};
			name = Debug;
		};
		44BB09332CD3FA130059EE0D /* Release */ = {
			isa = XCBuildConfiguration;
			buildSettings = {
				ALWAYS_EMBED_SWIFT_STANDARD_LIBRARIES = YES;
				CODE_SIGN_STYLE = Automatic;
				CURRENT_PROJECT_VERSION = 1;
				DEVELOPMENT_TEAM = ZHAY9X6DYX;
				GENERATE_INFOPLIST_FILE = YES;
				MARKETING_VERSION = 1.0;
				PRODUCT_BUNDLE_IDENTIFIER = com.dogukansakin.MVVMToDoSwiftUIUITests;
				PRODUCT_NAME = "$(TARGET_NAME)";
				SWIFT_EMIT_LOC_STRINGS = NO;
				SWIFT_VERSION = 5.0;
				TARGETED_DEVICE_FAMILY = "1,2";
				TEST_TARGET_NAME = MVVMToDoSwiftUI;
			};
			name = Release;
		};
/* End XCBuildConfiguration section */

/* Begin XCConfigurationList section */
		44BB09022CD3FA120059EE0D /* Build configuration list for PBXProject "MVVMToDoSwiftUI" */ = {
			isa = XCConfigurationList;
			buildConfigurations = (
				44BB09292CD3FA130059EE0D /* Debug */,
				44BB092A2CD3FA130059EE0D /* Release */,
			);
			defaultConfigurationIsVisible = 0;
			defaultConfigurationName = Release;
		};
		44BB092B2CD3FA130059EE0D /* Build configuration list for PBXNativeTarget "MVVMToDoSwiftUI" */ = {
			isa = XCConfigurationList;
			buildConfigurations = (
				44BB092C2CD3FA130059EE0D /* Debug */,
				44BB092D2CD3FA130059EE0D /* Release */,
			);
			defaultConfigurationIsVisible = 0;
			defaultConfigurationName = Release;
		};
		44BB092E2CD3FA130059EE0D /* Build configuration list for PBXNativeTarget "MVVMToDoSwiftUITests" */ = {
			isa = XCConfigurationList;
			buildConfigurations = (
				44BB092F2CD3FA130059EE0D /* Debug */,
				44BB09302CD3FA130059EE0D /* Release */,
			);
			defaultConfigurationIsVisible = 0;
			defaultConfigurationName = Release;
		};
		44BB09312CD3FA130059EE0D /* Build configuration list for PBXNativeTarget "MVVMToDoSwiftUIUITests" */ = {
			isa = XCConfigurationList;
			buildConfigurations = (
				44BB09322CD3FA130059EE0D /* Debug */,
				44BB09332CD3FA130059EE0D /* Release */,
			);
			defaultConfigurationIsVisible = 0;
			defaultConfigurationName = Release;
		};
/* End XCConfigurationList section */
	};
	rootObject = 44BB08FF2CD3FA120059EE0D /* Project object */;
}
